
Microsoft Visual Studio Solution File, Format Version 12.00
# Visual Studio Version 17
VisualStudioVersion = 17.9.34616.47
MinimumVisualStudioVersion = 10.0.40219.1
Project("{FAE04EC0-301F-11D3-BF4B-00C04F79EFBC}") = "RepodbDemo", "RepodbDemo\RepodbDemo.csproj", "{6C27C3D0-934A-419C-A9A0-69C0A172CEFC}"
EndProject
Global
	GlobalSection(SolutionConfigurationPlatforms) = preSolution
		Debug|Any CPU = Debug|Any CPU
		Release|Any CPU = Release|Any CPU
	EndGlobalSection
	GlobalSection(ProjectConfigurationPlatforms) = postSolution
		{6C27C3D0-934A-419C-A9A0-69C0A172CEFC}.Debug|Any CPU.ActiveCfg = Debug|Any CPU
		{6C27C3D0-934A-419C-A9A0-69C0A172CEFC}.Debug|Any CPU.Build.0 = Debug|Any CPU
		{6C27C3D0-934A-419C-A9A0-69C0A172CEFC}.Release|Any CPU.ActiveCfg = Release|Any CPU
		{6C27C3D0-934A-419C-A9A0-69C0A172CEFC}.Release|Any CPU.Build.0 = Release|Any CPU
	EndGlobalSection
	GlobalSection(SolutionProperties) = preSolution
		HideSolutionNode = FALSE
	EndGlobalSection
	GlobalSection(ExtensibilityGlobals) = postSolution
		SolutionGuid = {C929507D-6258-4CA7-A977-5A5A7F046666}
	EndGlobalSection
EndGlobal
